[[package]]
name = 'core'
source = 'path+from-root-2EB6EDF3C716E8D9'
dependencies = []

[[package]]
name = 'order'
source = 'path+from-root-3C5654AAC7C2B902'
dependencies = ['std']

[[package]]
name = 'order-logger'
source = 'root'
dependencies = [
    'order',
    'std',
]

[[package]]
name = 'std'
source = 'git+https://github.com/fuellabs/sway?tag=v0.25.0#0f84734f6f95a8598d701b087e486caacf23f514'
dependencies = ['core']
